// !$*UTF8*$!
{
	archiveVersion = 1;
	classes = {
	};
	objectVersion = 50;
	objects = {

/* Begin PBXBuildFile section */
		CE3D012920B3704A009C64B7 /* AppDelegate.swift in Sources */ = {isa = PBXBuildFile; fileRef = CE3D012820B3704A009C64B7 /* AppDelegate.swift */; };
		CE3D012B20B3704A009C64B7 /* ViewController.swift in Sources */ = {isa = PBXBuildFile; fileRef = CE3D012A20B3704A009C64B7 /* ViewController.swift */; };
		CE3D012E20B3704A009C64B7 /* Main.storyboard in Resources */ = {isa = PBXBuildFile; fileRef = CE3D012C20B3704A009C64B7 /* Main.storyboard */; };
		CE3D013020B3704B009C64B7 /* Assets.xcassets in Resources */ = {isa = PBXBuildFile; fileRef = CE3D012F20B3704B009C64B7 /* Assets.xcassets */; };
		CE3D013320B3704B009C64B7 /* LaunchScreen.storyboard in Resources */ = {isa = PBXBuildFile; fileRef = CE3D013120B3704B009C64B7 /* LaunchScreen.storyboard */; };
		CE3D013E20B3704B009C64B7 /* sleepwalker_appTests.swift in Sources */ = {isa = PBXBuildFile; fileRef = CE3D013D20B3704B009C64B7 /* sleepwalker_appTests.swift */; };
		CE3D014920B3704B009C64B7 /* sleepwalker_appUITests.swift in Sources */ = {isa = PBXBuildFile; fileRef = CE3D014820B3704B009C64B7 /* sleepwalker_appUITests.swift */; };
		CE3D014E20B3704B009C64B7 /* sleepwalker-app WatchKit App.app in Embed Watch Content */ = {isa = PBXBuildFile; fileRef = CE3D014D20B3704B009C64B7 /* sleepwalker-app WatchKit App.app */; };
		CE3D015420B3704B009C64B7 /* Interface.storyboard in Resources */ = {isa = PBXBuildFile; fileRef = CE3D015220B3704B009C64B7 /* Interface.storyboard */; };
		CE3D015620B3704C009C64B7 /* Assets.xcassets in Resources */ = {isa = PBXBuildFile; fileRef = CE3D015520B3704C009C64B7 /* Assets.xcassets */; };
		CE3D015D20B3704C009C64B7 /* sleepwalker-app WatchKit Extension.appex in Embed App Extensions */ = {isa = PBXBuildFile; fileRef = CE3D015C20B3704C009C64B7 /* sleepwalker-app WatchKit Extension.appex */; settings = {ATTRIBUTES = (RemoveHeadersOnCopy, ); }; };
		CE3D016220B3704C009C64B7 /* InterfaceController.swift in Sources */ = {isa = PBXBuildFile; fileRef = CE3D016120B3704C009C64B7 /* InterfaceController.swift */; };
		CE3D016420B3704C009C64B7 /* ExtensionDelegate.swift in Sources */ = {isa = PBXBuildFile; fileRef = CE3D016320B3704C009C64B7 /* ExtensionDelegate.swift */; };
		CE3D016620B3704C009C64B7 /* NotificationController.swift in Sources */ = {isa = PBXBuildFile; fileRef = CE3D016520B3704C009C64B7 /* NotificationController.swift */; };
		CE3D016820B3704C009C64B7 /* Assets.xcassets in Resources */ = {isa = PBXBuildFile; fileRef = CE3D016720B3704C009C64B7 /* Assets.xcassets */; };
/* End PBXBuildFile section */

/* Begin PBXContainerItemProxy section */
		CE3D013A20B3704B009C64B7 /* PBXContainerItemProxy */ = {
			isa = PBXContainerItemProxy;
			containerPortal = CE3D011D20B37049009C64B7 /* Project object */;
			proxyType = 1;
			remoteGlobalIDString = CE3D012420B3704A009C64B7;
			remoteInfo = "sleepwalker-app";
		};
		CE3D014520B3704B009C64B7 /* PBXContainerItemProxy */ = {
			isa = PBXContainerItemProxy;
			containerPortal = CE3D011D20B37049009C64B7 /* Project object */;
			proxyType = 1;
			remoteGlobalIDString = CE3D012420B3704A009C64B7;
			remoteInfo = "sleepwalker-app";
		};
		CE3D014F20B3704B009C64B7 /* PBXContainerItemProxy */ = {
			isa = PBXContainerItemProxy;
			containerPortal = CE3D011D20B37049009C64B7 /* Project object */;
			proxyType = 1;
			remoteGlobalIDString = CE3D014C20B3704B009C64B7;
			remoteInfo = "sleepwalker-app WatchKit App";
		};
		CE3D015E20B3704C009C64B7 /* PBXContainerItemProxy */ = {
			isa = PBXContainerItemProxy;
			containerPortal = CE3D011D20B37049009C64B7 /* Project object */;
			proxyType = 1;
			remoteGlobalIDString = CE3D015B20B3704C009C64B7;
			remoteInfo = "sleepwalker-app WatchKit Extension";
		};
/* End PBXContainerItemProxy section */

/* Begin PBXCopyFilesBuildPhase section */
		CE3D017020B3704C009C64B7 /* Embed App Extensions */ = {
			isa = PBXCopyFilesBuildPhase;
			buildActionMask = 2147483647;
			dstPath = "";
			dstSubfolderSpec = 13;
			files = (
				CE3D015D20B3704C009C64B7 /* sleepwalker-app WatchKit Extension.appex in Embed App Extensions */,
			);
			name = "Embed App Extensions";
			runOnlyForDeploymentPostprocessing = 0;
		};
		CE3D017420B3704C009C64B7 /* Embed Watch Content */ = {
			isa = PBXCopyFilesBuildPhase;
			buildActionMask = 2147483647;
			dstPath = "$(CONTENTS_FOLDER_PATH)/Watch";
			dstSubfolderSpec = 16;
			files = (
				CE3D014E20B3704B009C64B7 /* sleepwalker-app WatchKit App.app in Embed Watch Content */,
			);
			name = "Embed Watch Content";
			runOnlyForDeploymentPostprocessing = 0;
		};
/* End PBXCopyFilesBuildPhase section */

/* Begin PBXFileReference section */
		CE3D012520B3704A009C64B7 /* sleepwalker-app.app */ = {isa = PBXFileReference; explicitFileType = wrapper.application; includeInIndex = 0; path = "sleepwalker-app.app"; sourceTree = BUILT_PRODUCTS_DIR; };
		CE3D012820B3704A009C64B7 /* AppDelegate.swift */ = {isa = PBXFileReference; lastKnownFileType = sourcecode.swift; path = AppDelegate.swift; sourceTree = "<group>"; };
		CE3D012A20B3704A009C64B7 /* ViewController.swift */ = {isa = PBXFileReference; lastKnownFileType = sourcecode.swift; path = ViewController.swift; sourceTree = "<group>"; };
		CE3D012D20B3704A009C64B7 /* Base */ = {isa = PBXFileReference; lastKnownFileType = file.storyboard; name = Base; path = Base.lproj/Main.storyboard; sourceTree = "<group>"; };
		CE3D012F20B3704B009C64B7 /* Assets.xcassets */ = {isa = PBXFileReference; lastKnownFileType = folder.assetcatalog; path = Assets.xcassets; sourceTree = "<group>"; };
		CE3D013220B3704B009C64B7 /* Base */ = {isa = PBXFileReference; lastKnownFileType = file.storyboard; name = Base; path = Base.lproj/LaunchScreen.storyboard; sourceTree = "<group>"; };
		CE3D013420B3704B009C64B7 /* Info.plist */ = {isa = PBXFileReference; lastKnownFileType = text.plist.xml; path = Info.plist; sourceTree = "<group>"; };
		CE3D013920B3704B009C64B7 /* sleepwalker-appTests.xctest */ = {isa = PBXFileReference; explicitFileType = wrapper.cfbundle; includeInIndex = 0; path = "sleepwalker-appTests.xctest"; sourceTree = BUILT_PRODUCTS_DIR; };
		CE3D013D20B3704B009C64B7 /* sleepwalker_appTests.swift */ = {isa = PBXFileReference; lastKnownFileType = sourcecode.swift; path = sleepwalker_appTests.swift; sourceTree = "<group>"; };
		CE3D013F20B3704B009C64B7 /* Info.plist */ = {isa = PBXFileReference; lastKnownFileType = text.plist.xml; path = Info.plist; sourceTree = "<group>"; };
		CE3D014420B3704B009C64B7 /* sleepwalker-appUITests.xctest */ = {isa = PBXFileReference; explicitFileType = wrapper.cfbundle; includeInIndex = 0; path = "sleepwalker-appUITests.xctest"; sourceTree = BUILT_PRODUCTS_DIR; };
		CE3D014820B3704B009C64B7 /* sleepwalker_appUITests.swift */ = {isa = PBXFileReference; lastKnownFileType = sourcecode.swift; path = sleepwalker_appUITests.swift; sourceTree = "<group>"; };
		CE3D014A20B3704B009C64B7 /* Info.plist */ = {isa = PBXFileReference; lastKnownFileType = text.plist.xml; path = Info.plist; sourceTree = "<group>"; };
		CE3D014D20B3704B009C64B7 /* sleepwalker-app WatchKit App.app */ = {isa = PBXFileReference; explicitFileType = wrapper.application; includeInIndex = 0; path = "sleepwalker-app WatchKit App.app"; sourceTree = BUILT_PRODUCTS_DIR; };
		CE3D015320B3704B009C64B7 /* Base */ = {isa = PBXFileReference; lastKnownFileType = file.storyboard; name = Base; path = Base.lproj/Interface.storyboard; sourceTree = "<group>"; };
		CE3D015520B3704C009C64B7 /* Assets.xcassets */ = {isa = PBXFileReference; lastKnownFileType = folder.assetcatalog; path = Assets.xcassets; sourceTree = "<group>"; };
		CE3D015720B3704C009C64B7 /* Info.plist */ = {isa = PBXFileReference; lastKnownFileType = text.plist.xml; path = Info.plist; sourceTree = "<group>"; };
		CE3D015C20B3704C009C64B7 /* sleepwalker-app WatchKit Extension.appex */ = {isa = PBXFileReference; explicitFileType = "wrapper.app-extension"; includeInIndex = 0; path = "sleepwalker-app WatchKit Extension.appex"; sourceTree = BUILT_PRODUCTS_DIR; };
		CE3D016120B3704C009C64B7 /* InterfaceController.swift */ = {isa = PBXFileReference; lastKnownFileType = sourcecode.swift; path = InterfaceController.swift; sourceTree = "<group>"; };
		CE3D016320B3704C009C64B7 /* ExtensionDelegate.swift */ = {isa = PBXFileReference; lastKnownFileType = sourcecode.swift; path = ExtensionDelegate.swift; sourceTree = "<group>"; };
		CE3D016520B3704C009C64B7 /* NotificationController.swift */ = {isa = PBXFileReference; lastKnownFileType = sourcecode.swift; path = NotificationController.swift; sourceTree = "<group>"; };
		CE3D016720B3704C009C64B7 /* Assets.xcassets */ = {isa = PBXFileReference; lastKnownFileType = folder.assetcatalog; path = Assets.xcassets; sourceTree = "<group>"; };
		CE3D016920B3704C009C64B7 /* Info.plist */ = {isa = PBXFileReference; lastKnownFileType = text.plist.xml; path = Info.plist; sourceTree = "<group>"; };
		CE3D016A20B3704C009C64B7 /* PushNotificationPayload.apns */ = {isa = PBXFileReference; lastKnownFileType = text; path = PushNotificationPayload.apns; sourceTree = "<group>"; };
/* End PBXFileReference section */

/* Begin PBXFrameworksBuildPhase section */
		CE3D012220B3704A009C64B7 /* Frameworks */ = {
			isa = PBXFrameworksBuildPhase;
			buildActionMask = 2147483647;
			files = (
			);
			runOnlyForDeploymentPostprocessing = 0;
		};
		CE3D013620B3704B009C64B7 /* Frameworks */ = {
			isa = PBXFrameworksBuildPhase;
			buildActionMask = 2147483647;
			files = (
			);
			runOnlyForDeploymentPostprocessing = 0;
		};
		CE3D014120B3704B009C64B7 /* Frameworks */ = {
			isa = PBXFrameworksBuildPhase;
			buildActionMask = 2147483647;
			files = (
			);
			runOnlyForDeploymentPostprocessing = 0;
		};
		CE3D015920B3704C009C64B7 /* Frameworks */ = {
			isa = PBXFrameworksBuildPhase;
			buildActionMask = 2147483647;
			files = (
			);
			runOnlyForDeploymentPostprocessing = 0;
		};
/* End PBXFrameworksBuildPhase section */

/* Begin PBXGroup section */
		CE3D011C20B37049009C64B7 = {
			isa = PBXGroup;
			children = (
				CE3D012720B3704A009C64B7 /* sleepwalker-app */,
				CE3D013C20B3704B009C64B7 /* sleepwalker-appTests */,
				CE3D014720B3704B009C64B7 /* sleepwalker-appUITests */,
				CE3D015120B3704B009C64B7 /* sleepwalker-app WatchKit App */,
				CE3D016020B3704C009C64B7 /* sleepwalker-app WatchKit Extension */,
				CE3D012620B3704A009C64B7 /* Products */,
			);
			sourceTree = "<group>";
		};
		CE3D012620B3704A009C64B7 /* Products */ = {
			isa = PBXGroup;
			children = (
				CE3D012520B3704A009C64B7 /* sleepwalker-app.app */,
				CE3D013920B3704B009C64B7 /* sleepwalker-appTests.xctest */,
				CE3D014420B3704B009C64B7 /* sleepwalker-appUITests.xctest */,
				CE3D014D20B3704B009C64B7 /* sleepwalker-app WatchKit App.app */,
				CE3D015C20B3704C009C64B7 /* sleepwalker-app WatchKit Extension.appex */,
			);
			name = Products;
			sourceTree = "<group>";
		};
		CE3D012720B3704A009C64B7 /* sleepwalker-app */ = {
			isa = PBXGroup;
			children = (
				CE3D012820B3704A009C64B7 /* AppDelegate.swift */,
				CE3D012A20B3704A009C64B7 /* ViewController.swift */,
				CE3D012C20B3704A009C64B7 /* Main.storyboard */,
				CE3D012F20B3704B009C64B7 /* Assets.xcassets */,
				CE3D013120B3704B009C64B7 /* LaunchScreen.storyboard */,
				CE3D013420B3704B009C64B7 /* Info.plist */,
			);
			path = "sleepwalker-app";
			sourceTree = "<group>";
		};
		CE3D013C20B3704B009C64B7 /* sleepwalker-appTests */ = {
			isa = PBXGroup;
			children = (
				CE3D013D20B3704B009C64B7 /* sleepwalker_appTests.swift */,
				CE3D013F20B3704B009C64B7 /* Info.plist */,
			);
			path = "sleepwalker-appTests";
			sourceTree = "<group>";
		};
		CE3D014720B3704B009C64B7 /* sleepwalker-appUITests */ = {
			isa = PBXGroup;
			children = (
				CE3D014820B3704B009C64B7 /* sleepwalker_appUITests.swift */,
				CE3D014A20B3704B009C64B7 /* Info.plist */,
			);
			path = "sleepwalker-appUITests";
			sourceTree = "<group>";
		};
		CE3D015120B3704B009C64B7 /* sleepwalker-app WatchKit App */ = {
			isa = PBXGroup;
			children = (
				CE3D015220B3704B009C64B7 /* Interface.storyboard */,
				CE3D015520B3704C009C64B7 /* Assets.xcassets */,
				CE3D015720B3704C009C64B7 /* Info.plist */,
			);
			path = "sleepwalker-app WatchKit App";
			sourceTree = "<group>";
		};
		CE3D016020B3704C009C64B7 /* sleepwalker-app WatchKit Extension */ = {
			isa = PBXGroup;
			children = (
				CE3D016120B3704C009C64B7 /* InterfaceController.swift */,
				CE3D016320B3704C009C64B7 /* ExtensionDelegate.swift */,
				CE3D016520B3704C009C64B7 /* NotificationController.swift */,
				CE3D016720B3704C009C64B7 /* Assets.xcassets */,
				CE3D016920B3704C009C64B7 /* Info.plist */,
				CE3D016A20B3704C009C64B7 /* PushNotificationPayload.apns */,
			);
			path = "sleepwalker-app WatchKit Extension";
			sourceTree = "<group>";
		};
/* End PBXGroup section */

/* Begin PBXNativeTarget section */
		CE3D012420B3704A009C64B7 /* sleepwalker-app */ = {
			isa = PBXNativeTarget;
			buildConfigurationList = CE3D017520B3704C009C64B7 /* Build configuration list for PBXNativeTarget "sleepwalker-app" */;
			buildPhases = (
				CE3D012120B3704A009C64B7 /* Sources */,
				CE3D012220B3704A009C64B7 /* Frameworks */,
				CE3D012320B3704A009C64B7 /* Resources */,
				CE3D017420B3704C009C64B7 /* Embed Watch Content */,
			);
			buildRules = (
			);
			dependencies = (
				CE3D015020B3704B009C64B7 /* PBXTargetDependency */,
			);
			name = "sleepwalker-app";
			productName = "sleepwalker-app";
			productReference = CE3D012520B3704A009C64B7 /* sleepwalker-app.app */;
			productType = "com.apple.product-type.application";
		};
		CE3D013820B3704B009C64B7 /* sleepwalker-appTests */ = {
			isa = PBXNativeTarget;
			buildConfigurationList = CE3D017820B3704C009C64B7 /* Build configuration list for PBXNativeTarget "sleepwalker-appTests" */;
			buildPhases = (
				CE3D013520B3704B009C64B7 /* Sources */,
				CE3D013620B3704B009C64B7 /* Frameworks */,
				CE3D013720B3704B009C64B7 /* Resources */,
			);
			buildRules = (
			);
			dependencies = (
				CE3D013B20B3704B009C64B7 /* PBXTargetDependency */,
			);
			name = "sleepwalker-appTests";
			productName = "sleepwalker-appTests";
			productReference = CE3D013920B3704B009C64B7 /* sleepwalker-appTests.xctest */;
			productType = "com.apple.product-type.bundle.unit-test";
		};
		CE3D014320B3704B009C64B7 /* sleepwalker-appUITests */ = {
			isa = PBXNativeTarget;
			buildConfigurationList = CE3D017B20B3704C009C64B7 /* Build configuration list for PBXNativeTarget "sleepwalker-appUITests" */;
			buildPhases = (
				CE3D014020B3704B009C64B7 /* Sources */,
				CE3D014120B3704B009C64B7 /* Frameworks */,
				CE3D014220B3704B009C64B7 /* Resources */,
			);
			buildRules = (
			);
			dependencies = (
				CE3D014620B3704B009C64B7 /* PBXTargetDependency */,
			);
			name = "sleepwalker-appUITests";
			productName = "sleepwalker-appUITests";
			productReference = CE3D014420B3704B009C64B7 /* sleepwalker-appUITests.xctest */;
			productType = "com.apple.product-type.bundle.ui-testing";
		};
		CE3D014C20B3704B009C64B7 /* sleepwalker-app WatchKit App */ = {
			isa = PBXNativeTarget;
			buildConfigurationList = CE3D017120B3704C009C64B7 /* Build configuration list for PBXNativeTarget "sleepwalker-app WatchKit App" */;
			buildPhases = (
				CE3D014B20B3704B009C64B7 /* Resources */,
				CE3D017020B3704C009C64B7 /* Embed App Extensions */,
			);
			buildRules = (
			);
			dependencies = (
				CE3D015F20B3704C009C64B7 /* PBXTargetDependency */,
			);
			name = "sleepwalker-app WatchKit App";
			productName = "sleepwalker-app WatchKit App";
			productReference = CE3D014D20B3704B009C64B7 /* sleepwalker-app WatchKit App.app */;
			productType = "com.apple.product-type.application.watchapp2";
		};
		CE3D015B20B3704C009C64B7 /* sleepwalker-app WatchKit Extension */ = {
			isa = PBXNativeTarget;
			buildConfigurationList = CE3D016D20B3704C009C64B7 /* Build configuration list for PBXNativeTarget "sleepwalker-app WatchKit Extension" */;
			buildPhases = (
				CE3D015820B3704C009C64B7 /* Sources */,
				CE3D015920B3704C009C64B7 /* Frameworks */,
				CE3D015A20B3704C009C64B7 /* Resources */,
			);
			buildRules = (
			);
			dependencies = (
			);
			name = "sleepwalker-app WatchKit Extension";
			productName = "sleepwalker-app WatchKit Extension";
			productReference = CE3D015C20B3704C009C64B7 /* sleepwalker-app WatchKit Extension.appex */;
			productType = "com.apple.product-type.watchkit2-extension";
		};
/* End PBXNativeTarget section */

/* Begin PBXProject section */
		CE3D011D20B37049009C64B7 /* Project object */ = {
			isa = PBXProject;
			attributes = {
				LastSwiftUpdateCheck = 0930;
				LastUpgradeCheck = 0930;
				ORGANIZATIONNAME = "Jakub Konka";
				TargetAttributes = {
					CE3D012420B3704A009C64B7 = {
						CreatedOnToolsVersion = 9.3.1;
					};
					CE3D013820B3704B009C64B7 = {
						CreatedOnToolsVersion = 9.3.1;
						TestTargetID = CE3D012420B3704A009C64B7;
					};
					CE3D014320B3704B009C64B7 = {
						CreatedOnToolsVersion = 9.3.1;
						TestTargetID = CE3D012420B3704A009C64B7;
					};
					CE3D014C20B3704B009C64B7 = {
						CreatedOnToolsVersion = 9.3.1;
					};
					CE3D015B20B3704C009C64B7 = {
						CreatedOnToolsVersion = 9.3.1;
						SystemCapabilities = {
							com.apple.BackgroundModes.watchos.extension = {
								enabled = 1;
							};
						};
					};
				};
			};
			buildConfigurationList = CE3D012020B37049009C64B7 /* Build configuration list for PBXProject "sleepwalker-app" */;
			compatibilityVersion = "Xcode 9.3";
			developmentRegion = en;
			hasScannedForEncodings = 0;
			knownRegions = (
				en,
				Base,
			);
			mainGroup = CE3D011C20B37049009C64B7;
			productRefGroup = CE3D012620B3704A009C64B7 /* Products */;
			projectDirPath = "";
			projectRoot = "";
			targets = (
				CE3D012420B3704A009C64B7 /* sleepwalker-app */,
				CE3D013820B3704B009C64B7 /* sleepwalker-appTests */,
				CE3D014320B3704B009C64B7 /* sleepwalker-appUITests */,
				CE3D014C20B3704B009C64B7 /* sleepwalker-app WatchKit App */,
				CE3D015B20B3704C009C64B7 /* sleepwalker-app WatchKit Extension */,
			);
		};
/* End PBXProject section */

/* Begin PBXResourcesBuildPhase section */
		CE3D012320B3704A009C64B7 /* Resources */ = {
			isa = PBXResourcesBuildPhase;
			buildActionMask = 2147483647;
			files = (
				CE3D013320B3704B009C64B7 /* LaunchScreen.storyboard in Resources */,
				CE3D013020B3704B009C64B7 /* Assets.xcassets in Resources */,
				CE3D012E20B3704A009C64B7 /* Main.storyboard in Resources */,
			);
			runOnlyForDeploymentPostprocessing = 0;
		};
		CE3D013720B3704B009C64B7 /* Resources */ = {
			isa = PBXResourcesBuildPhase;
			buildActionMask = 2147483647;
			files = (
			);
			runOnlyForDeploymentPostprocessing = 0;
		};
		CE3D014220B3704B009C64B7 /* Resources */ = {
			isa = PBXResourcesBuildPhase;
			buildActionMask = 2147483647;
			files = (
			);
			runOnlyForDeploymentPostprocessing = 0;
		};
		CE3D014B20B3704B009C64B7 /* Resources */ = {
			isa = PBXResourcesBuildPhase;
			buildActionMask = 2147483647;
			files = (
				CE3D015620B3704C009C64B7 /* Assets.xcassets in Resources */,
				CE3D015420B3704B009C64B7 /* Interface.storyboard in Resources */,
			);
			runOnlyForDeploymentPostprocessing = 0;
		};
		CE3D015A20B3704C009C64B7 /* Resources */ = {
			isa = PBXResourcesBuildPhase;
			buildActionMask = 2147483647;
			files = (
				CE3D016820B3704C009C64B7 /* Assets.xcassets in Resources */,
			);
			runOnlyForDeploymentPostprocessing = 0;
		};
/* End PBXResourcesBuildPhase section */

/* Begin PBXSourcesBuildPhase section */
		CE3D012120B3704A009C64B7 /* Sources */ = {
			isa = PBXSourcesBuildPhase;
			buildActionMask = 2147483647;
			files = (
				CE3D012B20B3704A009C64B7 /* ViewController.swift in Sources */,
				CE3D012920B3704A009C64B7 /* AppDelegate.swift in Sources */,
			);
			runOnlyForDeploymentPostprocessing = 0;
		};
		CE3D013520B3704B009C64B7 /* Sources */ = {
			isa = PBXSourcesBuildPhase;
			buildActionMask = 2147483647;
			files = (
				CE3D013E20B3704B009C64B7 /* sleepwalker_appTests.swift in Sources */,
			);
			runOnlyForDeploymentPostprocessing = 0;
		};
		CE3D014020B3704B009C64B7 /* Sources */ = {
			isa = PBXSourcesBuildPhase;
			buildActionMask = 2147483647;
			files = (
				CE3D014920B3704B009C64B7 /* sleepwalker_appUITests.swift in Sources */,
			);
			runOnlyForDeploymentPostprocessing = 0;
		};
		CE3D015820B3704C009C64B7 /* Sources */ = {
			isa = PBXSourcesBuildPhase;
			buildActionMask = 2147483647;
			files = (
				CE3D016620B3704C009C64B7 /* NotificationController.swift in Sources */,
				CE3D016420B3704C009C64B7 /* ExtensionDelegate.swift in Sources */,
				CE3D016220B3704C009C64B7 /* InterfaceController.swift in Sources */,
			);
			runOnlyForDeploymentPostprocessing = 0;
		};
/* End PBXSourcesBuildPhase section */

/* Begin PBXTargetDependency section */
		CE3D013B20B3704B009C64B7 /* PBXTargetDependency */ = {
			isa = PBXTargetDependency;
			target = CE3D012420B3704A009C64B7 /* sleepwalker-app */;
			targetProxy = CE3D013A20B3704B009C64B7 /* PBXContainerItemProxy */;
		};
		CE3D014620B3704B009C64B7 /* PBXTargetDependency */ = {
			isa = PBXTargetDependency;
			target = CE3D012420B3704A009C64B7 /* sleepwalker-app */;
			targetProxy = CE3D014520B3704B009C64B7 /* PBXContainerItemProxy */;
		};
		CE3D015020B3704B009C64B7 /* PBXTargetDependency */ = {
			isa = PBXTargetDependency;
			target = CE3D014C20B3704B009C64B7 /* sleepwalker-app WatchKit App */;
			targetProxy = CE3D014F20B3704B009C64B7 /* PBXContainerItemProxy */;
		};
		CE3D015F20B3704C009C64B7 /* PBXTargetDependency */ = {
			isa = PBXTargetDependency;
			target = CE3D015B20B3704C009C64B7 /* sleepwalker-app WatchKit Extension */;
			targetProxy = CE3D015E20B3704C009C64B7 /* PBXContainerItemProxy */;
		};
/* End PBXTargetDependency section */

/* Begin PBXVariantGroup section */
		CE3D012C20B3704A009C64B7 /* Main.storyboard */ = {
			isa = PBXVariantGroup;
			children = (
				CE3D012D20B3704A009C64B7 /* Base */,
			);
			name = Main.storyboard;
			sourceTree = "<group>";
		};
		CE3D013120B3704B009C64B7 /* LaunchScreen.storyboard */ = {
			isa = PBXVariantGroup;
			children = (
				CE3D013220B3704B009C64B7 /* Base */,
			);
			name = LaunchScreen.storyboard;
			sourceTree = "<group>";
		};
		CE3D015220B3704B009C64B7 /* Interface.storyboard */ = {
			isa = PBXVariantGroup;
			children = (
				CE3D015320B3704B009C64B7 /* Base */,
			);
			name = Interface.storyboard;
			sourceTree = "<group>";
		};
/* End PBXVariantGroup section */

/* Begin XCBuildConfiguration section */
		CE3D016B20B3704C009C64B7 /* Debug */ = {
			isa = XCBuildConfiguration;
			buildSettings = {
				ALWAYS_SEARCH_USER_PATHS = NO;
				CLANG_ANALYZER_NONNULL = YES;
				CLANG_ANALYZER_NUMBER_OBJECT_CONVERSION = YES_AGGRESSIVE;
				CLANG_CXX_LANGUAGE_STANDARD = "gnu++14";
				CLANG_CXX_LIBRARY = "libc++";
				CLANG_ENABLE_MODULES = YES;
				CLANG_ENABLE_OBJC_ARC = YES;
				CLANG_ENABLE_OBJC_WEAK = YES;
				CLANG_WARN_BLOCK_CAPTURE_AUTORELEASING = YES;
				CLANG_WARN_BOOL_CONVERSION = YES;
				CLANG_WARN_COMMA = YES;
				CLANG_WARN_CONSTANT_CONVERSION = YES;
				CLANG_WARN_DEPRECATED_OBJC_IMPLEMENTATIONS = YES;
				CLANG_WARN_DIRECT_OBJC_ISA_USAGE = YES_ERROR;
				CLANG_WARN_DOCUMENTATION_COMMENTS = YES;
				CLANG_WARN_EMPTY_BODY = YES;
				CLANG_WARN_ENUM_CONVERSION = YES;
				CLANG_WARN_INFINITE_RECURSION = YES;
				CLANG_WARN_INT_CONVERSION = YES;
				CLANG_WARN_NON_LITERAL_NULL_CONVERSION = YES;
				CLANG_WARN_OBJC_IMPLICIT_RETAIN_SELF = YES;
				CLANG_WARN_OBJC_LITERAL_CONVERSION = YES;
				CLANG_WARN_OBJC_ROOT_CLASS = YES_ERROR;
				CLANG_WARN_RANGE_LOOP_ANALYSIS = YES;
				CLANG_WARN_STRICT_PROTOTYPES = YES;
				CLANG_WARN_SUSPICIOUS_MOVE = YES;
				CLANG_WARN_UNGUARDED_AVAILABILITY = YES_AGGRESSIVE;
				CLANG_WARN_UNREACHABLE_CODE = YES;
				CLANG_WARN__DUPLICATE_METHOD_MATCH = YES;
				CODE_SIGN_IDENTITY = "iPhone Developer";
				COPY_PHASE_STRIP = NO;
				DEBUG_INFORMATION_FORMAT = dwarf;
				ENABLE_STRICT_OBJC_MSGSEND = YES;
				ENABLE_TESTABILITY = YES;
				GCC_C_LANGUAGE_STANDARD = gnu11;
				GCC_DYNAMIC_NO_PIC = NO;
				GCC_NO_COMMON_BLOCKS = YES;
				GCC_OPTIMIZATION_LEVEL = 0;
				GCC_PREPROCESSOR_DEFINITIONS = (
					"DEBUG=1",
					"$(inherited)",
				);
				GCC_WARN_64_TO_32_BIT_CONVERSION = YES;
				GCC_WARN_ABOUT_RETURN_TYPE = YES_ERROR;
				GCC_WARN_UNDECLARED_SELECTOR = YES;
				GCC_WARN_UNINITIALIZED_AUTOS = YES_AGGRESSIVE;
				GCC_WARN_UNUSED_FUNCTION = YES;
				GCC_WARN_UNUSED_VARIABLE = YES;
				IPHONEOS_DEPLOYMENT_TARGET = 11.3;
				MTL_ENABLE_DEBUG_INFO = YES;
				ONLY_ACTIVE_ARCH = YES;
				SDKROOT = iphoneos;
				SWIFT_ACTIVE_COMPILATION_CONDITIONS = DEBUG;
				SWIFT_OPTIMIZATION_LEVEL = "-Onone";
			};
			name = Debug;
		};
		CE3D016C20B3704C009C64B7 /* Release */ = {
			isa = XCBuildConfiguration;
			buildSettings = {
				ALWAYS_SEARCH_USER_PATHS = NO;
				CLANG_ANALYZER_NONNULL = YES;
				CLANG_ANALYZER_NUMBER_OBJECT_CONVERSION = YES_AGGRESSIVE;
				CLANG_CXX_LANGUAGE_STANDARD = "gnu++14";
				CLANG_CXX_LIBRARY = "libc++";
				CLANG_ENABLE_MODULES = YES;
				CLANG_ENABLE_OBJC_ARC = YES;
				CLANG_ENABLE_OBJC_WEAK = YES;
				CLANG_WARN_BLOCK_CAPTURE_AUTORELEASING = YES;
				CLANG_WARN_BOOL_CONVERSION = YES;
				CLANG_WARN_COMMA = YES;
				CLANG_WARN_CONSTANT_CONVERSION = YES;
				CLANG_WARN_DEPRECATED_OBJC_IMPLEMENTATIONS = YES;
				CLANG_WARN_DIRECT_OBJC_ISA_USAGE = YES_ERROR;
				CLANG_WARN_DOCUMENTATION_COMMENTS = YES;
				CLANG_WARN_EMPTY_BODY = YES;
				CLANG_WARN_ENUM_CONVERSION = YES;
				CLANG_WARN_INFINITE_RECURSION = YES;
				CLANG_WARN_INT_CONVERSION = YES;
				CLANG_WARN_NON_LITERAL_NULL_CONVERSION = YES;
				CLANG_WARN_OBJC_IMPLICIT_RETAIN_SELF = YES;
				CLANG_WARN_OBJC_LITERAL_CONVERSION = YES;
				CLANG_WARN_OBJC_ROOT_CLASS = YES_ERROR;
				CLANG_WARN_RANGE_LOOP_ANALYSIS = YES;
				CLANG_WARN_STRICT_PROTOTYPES = YES;
				CLANG_WARN_SUSPICIOUS_MOVE = YES;
				CLANG_WARN_UNGUARDED_AVAILABILITY = YES_AGGRESSIVE;
				CLANG_WARN_UNREACHABLE_CODE = YES;
				CLANG_WARN__DUPLICATE_METHOD_MATCH = YES;
				CODE_SIGN_IDENTITY = "iPhone Developer";
				COPY_PHASE_STRIP = NO;
				DEBUG_INFORMATION_FORMAT = "dwarf-with-dsym";
				ENABLE_NS_ASSERTIONS = NO;
				ENABLE_STRICT_OBJC_MSGSEND = YES;
				GCC_C_LANGUAGE_STANDARD = gnu11;
				GCC_NO_COMMON_BLOCKS = YES;
				GCC_WARN_64_TO_32_BIT_CONVERSION = YES;
				GCC_WARN_ABOUT_RETURN_TYPE = YES_ERROR;
				GCC_WARN_UNDECLARED_SELECTOR = YES;
				GCC_WARN_UNINITIALIZED_AUTOS = YES_AGGRESSIVE;
				GCC_WARN_UNUSED_FUNCTION = YES;
				GCC_WARN_UNUSED_VARIABLE = YES;
				IPHONEOS_DEPLOYMENT_TARGET = 11.3;
				MTL_ENABLE_DEBUG_INFO = NO;
				SDKROOT = iphoneos;
				SWIFT_COMPILATION_MODE = wholemodule;
				SWIFT_OPTIMIZATION_LEVEL = "-O";
				VALIDATE_PRODUCT = YES;
			};
			name = Release;
		};
		CE3D016E20B3704C009C64B7 /* Debug */ = {
			isa = XCBuildConfiguration;
			buildSettings = {
				ASSETCATALOG_COMPILER_COMPLICATION_NAME = Complication;
				CODE_SIGN_STYLE = Automatic;
				DEVELOPMENT_TEAM = 9FU5YBRU8W;
				INFOPLIST_FILE = "sleepwalker-app WatchKit Extension/Info.plist";
				LD_RUNPATH_SEARCH_PATHS = (
					"$(inherited)",
					"@executable_path/Frameworks",
					"@executable_path/../../Frameworks",
				);
				PRODUCT_BUNDLE_IDENTIFIER = "com.jakubkonka.sleepwalker-app.watchkitapp.watchkitextension";
				PRODUCT_NAME = "${TARGET_NAME}";
				SDKROOT = watchos;
				SKIP_INSTALL = YES;
				SWIFT_VERSION = 4.0;
				TARGETED_DEVICE_FAMILY = 4;
				WATCHOS_DEPLOYMENT_TARGET = 4.3;
			};
			name = Debug;
		};
		CE3D016F20B3704C009C64B7 /* Release */ = {
			isa = XCBuildConfiguration;
			buildSettings = {
				ASSETCATALOG_COMPILER_COMPLICATION_NAME = Complication;
				CODE_SIGN_STYLE = Automatic;
				DEVELOPMENT_TEAM = 9FU5YBRU8W;
				INFOPLIST_FILE = "sleepwalker-app WatchKit Extension/Info.plist";
				LD_RUNPATH_SEARCH_PATHS = (
					"$(inherited)",
					"@executable_path/Frameworks",
					"@executable_path/../../Frameworks",
				);
				PRODUCT_BUNDLE_IDENTIFIER = "com.jakubkonka.sleepwalker-app.watchkitapp.watchkitextension";
				PRODUCT_NAME = "${TARGET_NAME}";
				SDKROOT = watchos;
				SKIP_INSTALL = YES;
				SWIFT_VERSION = 4.0;
				TARGETED_DEVICE_FAMILY = 4;
				WATCHOS_DEPLOYMENT_TARGET = 4.3;
			};
			name = Release;
		};
		CE3D017220B3704C009C64B7 /* Debug */ = {
			isa = XCBuildConfiguration;
			buildSettings = {
				ALWAYS_EMBED_SWIFT_STANDARD_LIBRARIES = YES;
				ASSETCATALOG_COMPILER_APPICON_NAME = AppIcon;
				CODE_SIGN_STYLE = Automatic;
				DEVELOPMENT_TEAM = 9FU5YBRU8W;
				IBSC_MODULE = sleepwalker_app_WatchKit_Extension;
				INFOPLIST_FILE = "sleepwalker-app WatchKit App/Info.plist";
				PRODUCT_BUNDLE_IDENTIFIER = "com.jakubkonka.sleepwalker-app.watchkitapp";
				PRODUCT_NAME = "$(TARGET_NAME)";
				SDKROOT = watchos;
				SKIP_INSTALL = YES;
				SWIFT_VERSION = 4.0;
				TARGETED_DEVICE_FAMILY = 4;
				WATCHOS_DEPLOYMENT_TARGET = 4.3;
			};
			name = Debug;
		};
		CE3D017320B3704C009C64B7 /* Release */ = {
			isa = XCBuildConfiguration;
			buildSettings = {
				ALWAYS_EMBED_SWIFT_STANDARD_LIBRARIES = YES;
				ASSETCATALOG_COMPILER_APPICON_NAME = AppIcon;
				CODE_SIGN_STYLE = Automatic;
				DEVELOPMENT_TEAM = 9FU5YBRU8W;
				IBSC_MODULE = sleepwalker_app_WatchKit_Extension;
				INFOPLIST_FILE = "sleepwalker-app WatchKit App/Info.plist";
				PRODUCT_BUNDLE_IDENTIFIER = "com.jakubkonka.sleepwalker-app.watchkitapp";
				PRODUCT_NAME = "$(TARGET_NAME)";
				SDKROOT = watchos;
				SKIP_INSTALL = YES;
				SWIFT_VERSION = 4.0;
				TARGETED_DEVICE_FAMILY = 4;
				WATCHOS_DEPLOYMENT_TARGET = 4.3;
			};
			name = Release;
		};
		CE3D017620B3704C009C64B7 /* Debug */ = {
			isa = XCBuildConfiguration;
			buildSettings = {
				ASSETCATALOG_COMPILER_APPICON_NAME = AppIcon;
				CODE_SIGN_STYLE = Automatic;
				DEVELOPMENT_TEAM = 9FU5YBRU8W;
				INFOPLIST_FILE = "sleepwalker-app/Info.plist";
				LD_RUNPATH_SEARCH_PATHS = (
					"$(inherited)",
					"@executable_path/Frameworks",
				);
				PRODUCT_BUNDLE_IDENTIFIER = "com.jakubkonka.sleepwalker-app";
				PRODUCT_NAME = "$(TARGET_NAME)";
				SWIFT_VERSION = 4.0;
				TARGETED_DEVICE_FAMILY = "1,2";
			};
			name = Debug;
		};
		CE3D017720B3704C009C64B7 /* Release */ = {
			isa = XCBuildConfiguration;
			buildSettings = {
				ASSETCATALOG_COMPILER_APPICON_NAME = AppIcon;
				CODE_SIGN_STYLE = Automatic;
				DEVELOPMENT_TEAM = 9FU5YBRU8W;
				INFOPLIST_FILE = "sleepwalker-app/Info.plist";
				LD_RUNPATH_SEARCH_PATHS = (
					"$(inherited)",
					"@executable_path/Frameworks",
				);
				PRODUCT_BUNDLE_IDENTIFIER = "com.jakubkonka.sleepwalker-app";
				PRODUCT_NAME = "$(TARGET_NAME)";
				SWIFT_VERSION = 4.0;
				TARGETED_DEVICE_FAMILY = "1,2";
			};
			name = Release;
		};
		CE3D017920B3704C009C64B7 /* Debug */ = {
			isa = XCBuildConfiguration;
			buildSettings = {
				ALWAYS_EMBED_SWIFT_STANDARD_LIBRARIES = YES;
				BUNDLE_LOADER = "$(TEST_HOST)";
				CODE_SIGN_STYLE = Automatic;
				DEVELOPMENT_TEAM = 9FU5YBRU8W;
				INFOPLIST_FILE = "sleepwalker-appTests/Info.plist";
				LD_RUNPATH_SEARCH_PATHS = (
					"$(inherited)",
					"@executable_path/Frameworks",
					"@loader_path/Frameworks",
				);
				PRODUCT_BUNDLE_IDENTIFIER = "com.jakubkonka.sleepwalker-appTests";
				PRODUCT_NAME = "$(TARGET_NAME)";
				SWIFT_VERSION = 4.0;
				TARGETED_DEVICE_FAMILY = "1,2";
				TEST_HOST = "$(BUILT_PRODUCTS_DIR)/sleepwalker-app.app/sleepwalker-app";
			};
			name = Debug;
		};
		CE3D017A20B3704C009C64B7 /* Release */ = {
			isa = XCBuildConfiguration;
			buildSettings = {
				ALWAYS_EMBED_SWIFT_STANDARD_LIBRARIES = YES;
				BUNDLE_LOADER = "$(TEST_HOST)";
				CODE_SIGN_STYLE = Automatic;
				DEVELOPMENT_TEAM = 9FU5YBRU8W;
				INFOPLIST_FILE = "sleepwalker-appTests/Info.plist";
				LD_RUNPATH_SEARCH_PATHS = (
					"$(inherited)",
					"@executable_path/Frameworks",
					"@loader_path/Frameworks",
				);
				PRODUCT_BUNDLE_IDENTIFIER = "com.jakubkonka.sleepwalker-appTests";
				PRODUCT_NAME = "$(TARGET_NAME)";
				SWIFT_VERSION = 4.0;
				TARGETED_DEVICE_FAMILY = "1,2";
				TEST_HOST = "$(BUILT_PRODUCTS_DIR)/sleepwalker-app.app/sleepwalker-app";
			};
			name = Release;
		};
		CE3D017C20B3704C009C64B7 /* Debug */ = {
			isa = XCBuildConfiguration;
			buildSettings = {
				ALWAYS_EMBED_SWIFT_STANDARD_LIBRARIES = YES;
				CODE_SIGN_STYLE = Automatic;
				DEVELOPMENT_TEAM = 9FU5YBRU8W;
				INFOPLIST_FILE = "sleepwalker-appUITests/Info.plist";
				LD_RUNPATH_SEARCH_PATHS = (
					"$(inherited)",
					"@executable_path/Frameworks",
					"@loader_path/Frameworks",
				);
				PRODUCT_BUNDLE_IDENTIFIER = "com.jakubkonka.sleepwalker-appUITests";
				PRODUCT_NAME = "$(TARGET_NAME)";
				SWIFT_VERSION = 4.0;
				TARGETED_DEVICE_FAMILY = "1,2";
				TEST_TARGET_NAME = "sleepwalker-app";
			};
			name = Debug;
		};
		CE3D017D20B3704C009C64B7 /* Release */ = {
			isa = XCBuildConfiguration;
			buildSettings = {
				ALWAYS_EMBED_SWIFT_STANDARD_LIBRARIES = YES;
				CODE_SIGN_STYLE = Automatic;
				DEVELOPMENT_TEAM = 9FU5YBRU8W;
				INFOPLIST_FILE = "sleepwalker-appUITests/Info.plist";
				LD_RUNPATH_SEARCH_PATHS = (
					"$(inherited)",
					"@executable_path/Frameworks",
					"@loader_path/Frameworks",
				);
				PRODUCT_BUNDLE_IDENTIFIER = "com.jakubkonka.sleepwalker-appUITests";
				PRODUCT_NAME = "$(TARGET_NAME)";
				SWIFT_VERSION = 4.0;
				TARGETED_DEVICE_FAMILY = "1,2";
				TEST_TARGET_NAME = "sleepwalker-app";
			};
			name = Release;
		};
/* End XCBuildConfiguration section */

/* Begin XCConfigurationList section */
		CE3D012020B37049009C64B7 /* Build configuration list for PBXProject "sleepwalker-app" */ = {
			isa = XCConfigurationList;
			buildConfigurations = (
				CE3D016B20B3704C009C64B7 /* Debug */,
				CE3D016C20B3704C009C64B7 /* Release */,
			);
			defaultConfigurationIsVisible = 0;
			defaultConfigurationName = Release;
		};
		CE3D016D20B3704C009C64B7 /* Build configuration list for PBXNativeTarget "sleepwalker-app WatchKit Extension" */ = {
			isa = XCConfigurationList;
			buildConfigurations = (
				CE3D016E20B3704C009C64B7 /* Debug */,
				CE3D016F20B3704C009C64B7 /* Release */,
			);
			defaultConfigurationIsVisible = 0;
			defaultConfigurationName = Release;
		};
		CE3D017120B3704C009C64B7 /* Build configuration list for PBXNativeTarget "sleepwalker-app WatchKit App" */ = {
			isa = XCConfigurationList;
			buildConfigurations = (
				CE3D017220B3704C009C64B7 /* Debug */,
				CE3D017320B3704C009C64B7 /* Release */,
			);
			defaultConfigurationIsVisible = 0;
			defaultConfigurationName = Release;
		};
		CE3D017520B3704C009C64B7 /* Build configuration list for PBXNativeTarget "sleepwalker-app" */ = {
			isa = XCConfigurationList;
			buildConfigurations = (
				CE3D017620B3704C009C64B7 /* Debug */,
				CE3D017720B3704C009C64B7 /* Release */,
			);
			defaultConfigurationIsVisible = 0;
			defaultConfigurationName = Release;
		};
		CE3D017820B3704C009C64B7 /* Build configuration list for PBXNativeTarget "sleepwalker-appTests" */ = {
			isa = XCConfigurationList;
			buildConfigurations = (
				CE3D017920B3704C009C64B7 /* Debug */,
				CE3D017A20B3704C009C64B7 /* Release */,
			);
			defaultConfigurationIsVisible = 0;
			defaultConfigurationName = Release;
		};
		CE3D017B20B3704C009C64B7 /* Build configuration list for PBXNativeTarget "sleepwalker-appUITests" */ = {
			isa = XCConfigurationList;
			buildConfigurations = (
				CE3D017C20B3704C009C64B7 /* Debug */,
				CE3D017D20B3704C009C64B7 /* Release */,
			);
			defaultConfigurationIsVisible = 0;
			defaultConfigurationName = Release;
		};
/* End XCConfigurationList section */
	};
	rootObject = CE3D011D20B37049009C64B7 /* Project object */;
}
